// !$*UTF8*$!
{
	archiveVersion = 1;
	classes = {
	};
	objectVersion = 46;
	objects = {

/* Begin PBXBuildFile section */
		31100C5F19A4D16B00A4921E /* Foundation.framework in Frameworks */ = {isa = PBXBuildFile; fileRef = 31100C5E19A4D16B00A4921E /* Foundation.framework */; };
		31100C6119A4D16B00A4921E /* CoreGraphics.framework in Frameworks */ = {isa = PBXBuildFile; fileRef = 31100C6019A4D16B00A4921E /* CoreGraphics.framework */; };
		31100C6319A4D16B00A4921E /* UIKit.framework in Frameworks */ = {isa = PBXBuildFile; fileRef = 31100C6219A4D16B00A4921E /* UIKit.framework */; };
		31100C6919A4D16B00A4921E /* InfoPlist.strings in Resources */ = {isa = PBXBuildFile; fileRef = 31100C6719A4D16B00A4921E /* InfoPlist.strings */; };
		31100C6B19A4D16B00A4921E /* main.m in Sources */ = {isa = PBXBuildFile; fileRef = 31100C6A19A4D16B00A4921E /* main.m */; };
		31100C6F19A4D16B00A4921E /* AppDelegate.m in Sources */ = {isa = PBXBuildFile; fileRef = 31100C6E19A4D16B00A4921E /* AppDelegate.m */; };
		31100C7219A4D16B00A4921E /* Main.storyboard in Resources */ = {isa = PBXBuildFile; fileRef = 31100C7019A4D16B00A4921E /* Main.storyboard */; };
		31100C7519A4D16B00A4921E /* ViewController.m in Sources */ = {isa = PBXBuildFile; fileRef = 31100C7419A4D16B00A4921E /* ViewController.m */; };
		31100C7719A4D16B00A4921E /* Images.xcassets in Resources */ = {isa = PBXBuildFile; fileRef = 31100C7619A4D16B00A4921E /* Images.xcassets */; };
		31100C7E19A4D16B00A4921E /* XCTest.framework in Frameworks */ = {isa = PBXBuildFile; fileRef = 31100C7D19A4D16B00A4921E /* XCTest.framework */; };
		31100C7F19A4D16B00A4921E /* Foundation.framework in Frameworks */ = {isa = PBXBuildFile; fileRef = 31100C5E19A4D16B00A4921E /* Foundation.framework */; };
		31100C8019A4D16B00A4921E /* UIKit.framework in Frameworks */ = {isa = PBXBuildFile; fileRef = 31100C6219A4D16B00A4921E /* UIKit.framework */; };
		31100C8819A4D16B00A4921E /* InfoPlist.strings in Resources */ = {isa = PBXBuildFile; fileRef = 31100C8619A4D16B00A4921E /* InfoPlist.strings */; };
		31100C8A19A4D16B00A4921E /* Tap_PickerTests.m in Sources */ = {isa = PBXBuildFile; fileRef = 31100C8919A4D16B00A4921E /* Tap_PickerTests.m */; };
		315D027919A5805C00BBC555 /* LFPickerTextField.m in Sources */ = {isa = PBXBuildFile; fileRef = 315D027819A5805C00BBC555 /* LFPickerTextField.m */; };
		3165313619A5C6DB00DF918C /* PopPicker.m in Sources */ = {isa = PBXBuildFile; fileRef = 3165313519A5C6DB00DF918C /* PopPicker.m */; };
		3165313919A5C72C00DF918C /* PopPickerView.m in Sources */ = {isa = PBXBuildFile; fileRef = 3165313819A5C72C00DF918C /* PopPickerView.m */; };
		3165313D19A5C78400DF918C /* PopPickerView.xib in Resources */ = {isa = PBXBuildFile; fileRef = 3165313C19A5C78400DF918C /* PopPickerView.xib */; };
/* End PBXBuildFile section */

/* Begin PBXContainerItemProxy section */
		31100C8119A4D16B00A4921E /* PBXContainerItemProxy */ = {
			isa = PBXContainerItemProxy;
			containerPortal = 31100C5319A4D16B00A4921E /* Project object */;
			proxyType = 1;
			remoteGlobalIDString = 31100C5A19A4D16B00A4921E;
			remoteInfo = Tap_Picker;
		};
/* End PBXContainerItemProxy section */

/* Begin PBXFileReference section */
		31100C5B19A4D16B00A4921E /* Tap_Picker.app */ = {isa = PBXFileReference; explicitFileType = wrapper.application; includeInIndex = 0; path = Tap_Picker.app; sourceTree = BUILT_PRODUCTS_DIR; };
		31100C5E19A4D16B00A4921E /* Foundation.framework */ = {isa = PBXFileReference; lastKnownFileType = wrapper.framework; name = Foundation.framework; path = System/Library/Frameworks/Foundation.framework; sourceTree = SDKROOT; };
		31100C6019A4D16B00A4921E /* CoreGraphics.framework */ = {isa = PBXFileReference; lastKnownFileType = wrapper.framework; name = CoreGraphics.framework; path = System/Library/Frameworks/CoreGraphics.framework; sourceTree = SDKROOT; };
		31100C6219A4D16B00A4921E /* UIKit.framework */ = {isa = PBXFileReference; lastKnownFileType = wrapper.framework; name = UIKit.framework; path = System/Library/Frameworks/UIKit.framework; sourceTree = SDKROOT; };
		31100C6619A4D16B00A4921E /* Tap_Picker-Info.plist */ = {isa = PBXFileReference; lastKnownFileType = text.plist.xml; path = "Tap_Picker-Info.plist"; sourceTree = "<group>"; };
		31100C6819A4D16B00A4921E /* en */ = {isa = PBXFileReference; lastKnownFileType = text.plist.strings; name = en; path = en.lproj/InfoPlist.strings; sourceTree = "<group>"; };
		31100C6A19A4D16B00A4921E /* main.m */ = {isa = PBXFileReference; lastKnownFileType = sourcecode.c.objc; path = main.m; sourceTree = "<group>"; };
		31100C6C19A4D16B00A4921E /* Tap_Picker-Prefix.pch */ = {isa = PBXFileReference; lastKnownFileType = sourcecode.c.h; path = "Tap_Picker-Prefix.pch"; sourceTree = "<group>"; };
		31100C6D19A4D16B00A4921E /* AppDelegate.h */ = {isa = PBXFileReference; lastKnownFileType = sourcecode.c.h; path = AppDelegate.h; sourceTree = "<group>"; };
		31100C6E19A4D16B00A4921E /* AppDelegate.m */ = {isa = PBXFileReference; lastKnownFileType = sourcecode.c.objc; path = AppDelegate.m; sourceTree = "<group>"; };
		31100C7119A4D16B00A4921E /* Base */ = {isa = PBXFileReference; lastKnownFileType = file.storyboard; name = Base; path = Base.lproj/Main.storyboard; sourceTree = "<group>"; };
		31100C7319A4D16B00A4921E /* ViewController.h */ = {isa = PBXFileReference; lastKnownFileType = sourcecode.c.h; path = ViewController.h; sourceTree = "<group>"; };
		31100C7419A4D16B00A4921E /* ViewController.m */ = {isa = PBXFileReference; lastKnownFileType = sourcecode.c.objc; path = ViewController.m; sourceTree = "<group>"; };
		31100C7619A4D16B00A4921E /* Images.xcassets */ = {isa = PBXFileReference; lastKnownFileType = folder.assetcatalog; path = Images.xcassets; sourceTree = "<group>"; };
		31100C7C19A4D16B00A4921E /* Tap_PickerTests.xctest */ = {isa = PBXFileReference; explicitFileType = wrapper.cfbundle; includeInIndex = 0; path = Tap_PickerTests.xctest; sourceTree = BUILT_PRODUCTS_DIR; };
		31100C7D19A4D16B00A4921E /* XCTest.framework */ = {isa = PBXFileReference; lastKnownFileType = wrapper.framework; name = XCTest.framework; path = Library/Frameworks/XCTest.framework; sourceTree = DEVELOPER_DIR; };
		31100C8519A4D16B00A4921E /* Tap_PickerTests-Info.plist */ = {isa = PBXFileReference; lastKnownFileType = text.plist.xml; path = "Tap_PickerTests-Info.plist"; sourceTree = "<group>"; };
		31100C8719A4D16B00A4921E /* en */ = {isa = PBXFileReference; lastKnownFileType = text.plist.strings; name = en; path = en.lproj/InfoPlist.strings; sourceTree = "<group>"; };
		31100C8919A4D16B00A4921E /* Tap_PickerTests.m */ = {isa = PBXFileReference; lastKnownFileType = sourcecode.c.objc; path = Tap_PickerTests.m; sourceTree = "<group>"; };
		315D027719A5805C00BBC555 /* LFPickerTextField.h */ = {isa = PBXFileReference; fileEncoding = 4; lastKnownFileType = sourcecode.c.h; path = LFPickerTextField.h; sourceTree = "<group>"; };
		315D027819A5805C00BBC555 /* LFPickerTextField.m */ = {isa = PBXFileReference; fileEncoding = 4; lastKnownFileType = sourcecode.c.objc; path = LFPickerTextField.m; sourceTree = "<group>"; };
		3165313419A5C6DB00DF918C /* PopPicker.h */ = {isa = PBXFileReference; fileEncoding = 4; lastKnownFileType = sourcecode.c.h; path = PopPicker.h; sourceTree = "<group>"; };
		3165313519A5C6DB00DF918C /* PopPicker.m */ = {isa = PBXFileReference; fileEncoding = 4; lastKnownFileType = sourcecode.c.objc; path = PopPicker.m; sourceTree = "<group>"; };
		3165313719A5C72C00DF918C /* PopPickerView.h */ = {isa = PBXFileReference; fileEncoding = 4; lastKnownFileType = sourcecode.c.h; path = PopPickerView.h; sourceTree = "<group>"; };
		3165313819A5C72C00DF918C /* PopPickerView.m */ = {isa = PBXFileReference; fileEncoding = 4; lastKnownFileType = sourcecode.c.objc; path = PopPickerView.m; sourceTree = "<group>"; };
		3165313C19A5C78400DF918C /* PopPickerView.xib */ = {isa = PBXFileReference; fileEncoding = 4; lastKnownFileType = file.xib; path = PopPickerView.xib; sourceTree = "<group>"; };
/* End PBXFileReference section */

/* Begin PBXFrameworksBuildPhase section */
		31100C5819A4D16B00A4921E /* Frameworks */ = {
			isa = PBXFrameworksBuildPhase;
			buildActionMask = 2147483647;
			files = (
				31100C6119A4D16B00A4921E /* CoreGraphics.framework in Frameworks */,
				31100C6319A4D16B00A4921E /* UIKit.framework in Frameworks */,
				31100C5F19A4D16B00A4921E /* Foundation.framework in Frameworks */,
			);
			runOnlyForDeploymentPostprocessing = 0;
		};
		31100C7919A4D16B00A4921E /* Frameworks */ = {
			isa = PBXFrameworksBuildPhase;
			buildActionMask = 2147483647;
			files = (
				31100C7E19A4D16B00A4921E /* XCTest.framework in Frameworks */,
				31100C8019A4D16B00A4921E /* UIKit.framework in Frameworks */,
				31100C7F19A4D16B00A4921E /* Foundation.framework in Frameworks */,
			);
			runOnlyForDeploymentPostprocessing = 0;
		};
/* End PBXFrameworksBuildPhase section */

/* Begin PBXGroup section */
		31100C5219A4D16B00A4921E = {
			isa = PBXGroup;
			children = (
				31100C6419A4D16B00A4921E /* Tap_Picker */,
				31100C8319A4D16B00A4921E /* Tap_PickerTests */,
				31100C5D19A4D16B00A4921E /* Frameworks */,
				31100C5C19A4D16B00A4921E /* Products */,
			);
			sourceTree = "<group>";
		};
		31100C5C19A4D16B00A4921E /* Products */ = {
			isa = PBXGroup;
			children = (
				31100C5B19A4D16B00A4921E /* Tap_Picker.app */,
				31100C7C19A4D16B00A4921E /* Tap_PickerTests.xctest */,
			);
			name = Products;
			sourceTree = "<group>";
		};
		31100C5D19A4D16B00A4921E /* Frameworks */ = {
			isa = PBXGroup;
			children = (
				31100C5E19A4D16B00A4921E /* Foundation.framework */,
				31100C6019A4D16B00A4921E /* CoreGraphics.framework */,
				31100C6219A4D16B00A4921E /* UIKit.framework */,
				31100C7D19A4D16B00A4921E /* XCTest.framework */,
			);
			name = Frameworks;
			sourceTree = "<group>";
		};
		31100C6419A4D16B00A4921E /* Tap_Picker */ = {
			isa = PBXGroup;
			children = (
				3165313B19A5C75900DF918C /* 点击其他弹出Picker */,
				3165313A19A5C73900DF918C /* 点击Text弹出Picker */,
				31100C6D19A4D16B00A4921E /* AppDelegate.h */,
				31100C6E19A4D16B00A4921E /* AppDelegate.m */,
				31100C7019A4D16B00A4921E /* Main.storyboard */,
				31100C7319A4D16B00A4921E /* ViewController.h */,
				31100C7419A4D16B00A4921E /* ViewController.m */,
				31100C7619A4D16B00A4921E /* Images.xcassets */,
				31100C6519A4D16B00A4921E /* Supporting Files */,
			);
			path = Tap_Picker;
			sourceTree = "<group>";
		};
		31100C6519A4D16B00A4921E /* Supporting Files */ = {
			isa = PBXGroup;
			children = (
				31100C6619A4D16B00A4921E /* Tap_Picker-Info.plist */,
				31100C6719A4D16B00A4921E /* InfoPlist.strings */,
				31100C6A19A4D16B00A4921E /* main.m */,
				31100C6C19A4D16B00A4921E /* Tap_Picker-Prefix.pch */,
			);
			name = "Supporting Files";
			sourceTree = "<group>";
		};
		31100C8319A4D16B00A4921E /* Tap_PickerTests */ = {
			isa = PBXGroup;
			children = (
				31100C8919A4D16B00A4921E /* Tap_PickerTests.m */,
				31100C8419A4D16B00A4921E /* Supporting Files */,
			);
			path = Tap_PickerTests;
			sourceTree = "<group>";
		};
		31100C8419A4D16B00A4921E /* Supporting Files */ = {
			isa = PBXGroup;
			children = (
				31100C8519A4D16B00A4921E /* Tap_PickerTests-Info.plist */,
				31100C8619A4D16B00A4921E /* InfoPlist.strings */,
			);
			name = "Supporting Files";
			sourceTree = "<group>";
		};
		3165313A19A5C73900DF918C /* 点击Text弹出Picker */ = {
			isa = PBXGroup;
			children = (
				315D027719A5805C00BBC555 /* LFPickerTextField.h */,
				315D027819A5805C00BBC555 /* LFPickerTextField.m */,
			);
			name = "点击Text弹出Picker";
			sourceTree = "<group>";
		};
		3165313B19A5C75900DF918C /* 点击其他弹出Picker */ = {
			isa = PBXGroup;
			children = (
				3165313419A5C6DB00DF918C /* PopPicker.h */,
				3165313519A5C6DB00DF918C /* PopPicker.m */,
				3165313719A5C72C00DF918C /* PopPickerView.h */,
				3165313819A5C72C00DF918C /* PopPickerView.m */,
				3165313C19A5C78400DF918C /* PopPickerView.xib */,
			);
			name = "点击其他弹出Picker";
			sourceTree = "<group>";
		};
/* End PBXGroup section */

/* Begin PBXNativeTarget section */
		31100C5A19A4D16B00A4921E /* Tap_Picker */ = {
			isa = PBXNativeTarget;
			buildConfigurationList = 31100C8D19A4D16B00A4921E /* Build configuration list for PBXNativeTarget "Tap_Picker" */;
			buildPhases = (
				31100C5719A4D16B00A4921E /* Sources */,
				31100C5819A4D16B00A4921E /* Frameworks */,
				31100C5919A4D16B00A4921E /* Resources */,
			);
			buildRules = (
			);
			dependencies = (
			);
			name = Tap_Picker;
			productName = Tap_Picker;
			productReference = 31100C5B19A4D16B00A4921E /* Tap_Picker.app */;
			productType = "com.apple.product-type.application";
		};
		31100C7B19A4D16B00A4921E /* Tap_PickerTests */ = {
			isa = PBXNativeTarget;
			buildConfigurationList = 31100C9019A4D16B00A4921E /* Build configuration list for PBXNativeTarget "Tap_PickerTests" */;
			buildPhases = (
				31100C7819A4D16B00A4921E /* Sources */,
				31100C7919A4D16B00A4921E /* Frameworks */,
				31100C7A19A4D16B00A4921E /* Resources */,
			);
			buildRules = (
			);
			dependencies = (
				31100C8219A4D16B00A4921E /* PBXTargetDependency */,
			);
			name = Tap_PickerTests;
			productName = Tap_PickerTests;
			productReference = 31100C7C19A4D16B00A4921E /* Tap_PickerTests.xctest */;
			productType = "com.apple.product-type.bundle.unit-test";
		};
/* End PBXNativeTarget section */

/* Begin PBXProject section */
		31100C5319A4D16B00A4921E /* Project object */ = {
			isa = PBXProject;
			attributes = {
				LastUpgradeCheck = 0510;
				ORGANIZATIONNAME = Vicent;
				TargetAttributes = {
					31100C7B19A4D16B00A4921E = {
						TestTargetID = 31100C5A19A4D16B00A4921E;
					};
				};
			};
			buildConfigurationList = 31100C5619A4D16B00A4921E /* Build configuration list for PBXProject "Tap_Picker" */;
			compatibilityVersion = "Xcode 3.2";
			developmentRegion = English;
			hasScannedForEncodings = 0;
			knownRegions = (
				en,
				Base,
			);
			mainGroup = 31100C5219A4D16B00A4921E;
			productRefGroup = 31100C5C19A4D16B00A4921E /* Products */;
			projectDirPath = "";
			projectRoot = "";
			targets = (
				31100C5A19A4D16B00A4921E /* Tap_Picker */,
				31100C7B19A4D16B00A4921E /* Tap_PickerTests */,
			);
		};
/* End PBXProject section */

/* Begin PBXResourcesBuildPhase section */
		31100C5919A4D16B00A4921E /* Resources */ = {
			isa = PBXResourcesBuildPhase;
			buildActionMask = 2147483647;
			files = (
				31100C7719A4D16B00A4921E /* Images.xcassets in Resources */,
				31100C6919A4D16B00A4921E /* InfoPlist.strings in Resources */,
				3165313D19A5C78400DF918C /* PopPickerView.xib in Resources */,
				31100C7219A4D16B00A4921E /* Main.storyboard in Resources */,
			);
			runOnlyForDeploymentPostprocessing = 0;
		};
		31100C7A19A4D16B00A4921E /* Resources */ = {
			isa = PBXResourcesBuildPhase;
			buildActionMask = 2147483647;
			files = (
				31100C8819A4D16B00A4921E /* InfoPlist.strings in Resources */,
			);
			runOnlyForDeploymentPostprocessing = 0;
		};
/* End PBXResourcesBuildPhase section */

/* Begin PBXSourcesBuildPhase section */
		31100C5719A4D16B00A4921E /* Sources */ = {
			isa = PBXSourcesBuildPhase;
			buildActionMask = 2147483647;
			files = (
				3165313919A5C72C00DF918C /* PopPickerView.m in Sources */,
				31100C7519A4D16B00A4921E /* ViewController.m in Sources */,
				31100C6F19A4D16B00A4921E /* AppDelegate.m in Sources */,
				31100C6B19A4D16B00A4921E /* main.m in Sources */,
				315D027919A5805C00BBC555 /* LFPickerTextField.m in Sources */,
				3165313619A5C6DB00DF918C /* PopPicker.m in Sources */,
			);
			runOnlyForDeploymentPostprocessing = 0;
		};
		31100C7819A4D16B00A4921E /* Sources */ = {
			isa = PBXSourcesBuildPhase;
			buildActionMask = 2147483647;
			files = (
				31100C8A19A4D16B00A4921E /* Tap_PickerTests.m in Sources */,
			);
			runOnlyForDeploymentPostprocessing = 0;
		};
/* End PBXSourcesBuildPhase section */

/* Begin PBXTargetDependency section */
		31100C8219A4D16B00A4921E /* PBXTargetDependency */ = {
			isa = PBXTargetDependency;
			target = 31100C5A19A4D16B00A4921E /* Tap_Picker */;
			targetProxy = 31100C8119A4D16B00A4921E /* PBXContainerItemProxy */;
		};
/* End PBXTargetDependency section */

/* Begin PBXVariantGroup section */
		31100C6719A4D16B00A4921E /* InfoPlist.strings */ = {
			isa = PBXVariantGroup;
			children = (
				31100C6819A4D16B00A4921E /* en */,
			);
			name = InfoPlist.strings;
			sourceTree = "<group>";
		};
		31100C7019A4D16B00A4921E /* Main.storyboard */ = {
			isa = PBXVariantGroup;
			children = (
				31100C7119A4D16B00A4921E /* Base */,
			);
			name = Main.storyboard;
			sourceTree = "<group>";
		};
		31100C8619A4D16B00A4921E /* InfoPlist.strings */ = {
			isa = PBXVariantGroup;
			children = (
				31100C8719A4D16B00A4921E /* en */,
			);
			name = InfoPlist.strings;
			sourceTree = "<group>";
		};
/* End PBXVariantGroup section */

/* Begin XCBuildConfiguration section */
		31100C8B19A4D16B00A4921E /* Debug */ = {
			isa = XCBuildConfiguration;
			buildSettings = {
				ALWAYS_SEARCH_USER_PATHS = NO;
				CLANG_CXX_LANGUAGE_STANDARD = "gnu++0x";
				CLANG_CXX_LIBRARY = "libc++";
				CLANG_ENABLE_MODULES = YES;
				CLANG_ENABLE_OBJC_ARC = YES;
				CLANG_WARN_BOOL_CONVERSION = YES;
				CLANG_WARN_CONSTANT_CONVERSION = YES;
				CLANG_WARN_DIRECT_OBJC_ISA_USAGE = YES_ERROR;
				CLANG_WARN_EMPTY_BODY = YES;
				CLANG_WARN_ENUM_CONVERSION = YES;
				CLANG_WARN_INT_CONVERSION = YES;
				CLANG_WARN_OBJC_ROOT_CLASS = YES_ERROR;
				CLANG_WARN__DUPLICATE_METHOD_MATCH = YES;
				"CODE_SIGN_IDENTITY[sdk=iphoneos*]" = "iPhone Developer";
				COPY_PHASE_STRIP = NO;
				GCC_C_LANGUAGE_STANDARD = gnu99;
				GCC_DYNAMIC_NO_PIC = NO;
				GCC_OPTIMIZATION_LEVEL = 0;
				GCC_PREPROCESSOR_DEFINITIONS = (
					"DEBUG=1",
					"$(inherited)",
				);
				GCC_SYMBOLS_PRIVATE_EXTERN = NO;
				GCC_WARN_64_TO_32_BIT_CONVERSION = YES;
				GCC_WARN_ABOUT_RETURN_TYPE = YES_ERROR;
				GCC_WARN_UNDECLARED_SELECTOR = YES;
				GCC_WARN_UNINITIALIZED_AUTOS = YES_AGGRESSIVE;
				GCC_WARN_UNUSED_FUNCTION = YES;
				GCC_WARN_UNUSED_VARIABLE = YES;
				IPHONEOS_DEPLOYMENT_TARGET = 7.1;
				ONLY_ACTIVE_ARCH = YES;
				SDKROOT = iphoneos;
			};
			name = Debug;
		};
		31100C8C19A4D16B00A4921E /* Release */ = {
			isa = XCBuildConfiguration;
			buildSettings = {
				ALWAYS_SEARCH_USER_PATHS = NO;
				CLANG_CXX_LANGUAGE_STANDARD = "gnu++0x";
				CLANG_CXX_LIBRARY = "libc++";
				CLANG_ENABLE_MODULES = YES;
				CLANG_ENABLE_OBJC_ARC = YES;
				CLANG_WARN_BOOL_CONVERSION = YES;
				CLANG_WARN_CONSTANT_CONVERSION = YES;
				CLANG_WARN_DIRECT_OBJC_ISA_USAGE = YES_ERROR;
				CLANG_WARN_EMPTY_BODY = YES;
				CLANG_WARN_ENUM_CONVERSION = YES;
				CLANG_WARN_INT_CONVERSION = YES;
				CLANG_WARN_OBJC_ROOT_CLASS = YES_ERROR;
				CLANG_WARN__DUPLICATE_METHOD_MATCH = YES;
				"CODE_SIGN_IDENTITY[sdk=iphoneos*]" = "iPhone Developer";
				COPY_PHASE_STRIP = YES;
				ENABLE_NS_ASSERTIONS = NO;
				GCC_C_LANGUAGE_STANDARD = gnu99;
				GCC_WARN_64_TO_32_BIT_CONVERSION = YES;
				GCC_WARN_ABOUT_RETURN_TYPE = YES_ERROR;
				GCC_WARN_UNDECLARED_SELECTOR = YES;
				GCC_WARN_UNINITIALIZED_AUTOS = YES_AGGRESSIVE;
				GCC_WARN_UNUSED_FUNCTION = YES;
				GCC_WARN_UNUSED_VARIABLE = YES;
				IPHONEOS_DEPLOYMENT_TARGET = 7.1;
				SDKROOT = iphoneos;
				VALIDATE_PRODUCT = YES;
			};
			name = Release;
		};
		31100C8E19A4D16B00A4921E /* Debug */ = {
			isa = XCBuildConfiguration;
			buildSettings = {
				ASSETCATALOG_COMPILER_APPICON_NAME = AppIcon;
				ASSETCATALOG_COMPILER_LAUNCHIMAGE_NAME = LaunchImage;
				GCC_PRECOMPILE_PREFIX_HEADER = YES;
				GCC_PREFIX_HEADER = "Tap_Picker/Tap_Picker-Prefix.pch";
				INFOPLIST_FILE = "Tap_Picker/Tap_Picker-Info.plist";
				IPHONEOS_DEPLOYMENT_TARGET = 7.0;
				PRODUCT_NAME = "$(TARGET_NAME)";
				WRAPPER_EXTENSION = app;
			};
			name = Debug;
		};
		31100C8F19A4D16B00A4921E /* Release */ = {
			isa = XCBuildConfiguration;
			buildSettings = {
				ASSETCATALOG_COMPILER_APPICON_NAME = AppIcon;
				ASSETCATALOG_COMPILER_LAUNCHIMAGE_NAME = LaunchImage;
				GCC_PRECOMPILE_PREFIX_HEADER = YES;
				GCC_PREFIX_HEADER = "Tap_Picker/Tap_Picker-Prefix.pch";
				INFOPLIST_FILE = "Tap_Picker/Tap_Picker-Info.plist";
				IPHONEOS_DEPLOYMENT_TARGET = 7.0;
				PRODUCT_NAME = "$(TARGET_NAME)";
				WRAPPER_EXTENSION = app;
			};
			name = Release;
		};
		31100C9119A4D16B00A4921E /* Debug */ = {
			isa = XCBuildConfiguration;
			buildSettings = {
				BUNDLE_LOADER = "$(BUILT_PRODUCTS_DIR)/Tap_Picker.app/Tap_Picker";
				FRAMEWORK_SEARCH_PATHS = (
					"$(SDKROOT)/Developer/Library/Frameworks",
					"$(inherited)",
					"$(DEVELOPER_FRAMEWORKS_DIR)",
				);
				GCC_PRECOMPILE_PREFIX_HEADER = YES;
				GCC_PREFIX_HEADER = "Tap_Picker/Tap_Picker-Prefix.pch";
				GCC_PREPROCESSOR_DEFINITIONS = (
					"DEBUG=1",
					"$(inherited)",
				);
				INFOPLIST_FILE = "Tap_PickerTests/Tap_PickerTests-Info.plist";
				PRODUCT_NAME = "$(TARGET_NAME)";
				TEST_HOST = "$(BUNDLE_LOADER)";
				WRAPPER_EXTENSION = xctest;
			};
			name = Debug;
		};
		31100C9219A4D16B00A4921E /* Release */ = {
			isa = XCBuildConfiguration;
			buildSettings = {
				BUNDLE_LOADER = "$(BUILT_PRODUCTS_DIR)/Tap_Picker.app/Tap_Picker";
				FRAMEWORK_SEARCH_PATHS = (
					"$(SDKROOT)/Developer/Library/Frameworks",
					"$(inherited)",
					"$(DEVELOPER_FRAMEWORKS_DIR)",
				);
				GCC_PRECOMPILE_PREFIX_HEADER = YES;
				GCC_PREFIX_HEADER = "Tap_Picker/Tap_Picker-Prefix.pch";
				INFOPLIST_FILE = "Tap_PickerTests/Tap_PickerTests-Info.plist";
				PRODUCT_NAME = "$(TARGET_NAME)";
				TEST_HOST = "$(BUNDLE_LOADER)";
				WRAPPER_EXTENSION = xctest;
			};
			name = Release;
		};
/* End XCBuildConfiguration section */

/* Begin XCConfigurationList section */
		31100C5619A4D16B00A4921E /* Build configuration list for PBXProject "Tap_Picker" */ = {
			isa = XCConfigurationList;
			buildConfigurations = (
				31100C8B19A4D16B00A4921E /* Debug */,
				31100C8C19A4D16B00A4921E /* Release */,
			);
			defaultConfigurationIsVisible = 0;
			defaultConfigurationName = Release;
		};
		31100C8D19A4D16B00A4921E /* Build configuration list for PBXNativeTarget "Tap_Picker" */ = {
			isa = XCConfigurationList;
			buildConfigurations = (
				31100C8E19A4D16B00A4921E /* Debug */,
				31100C8F19A4D16B00A4921E /* Release */,
			);
			defaultConfigurationIsVisible = 0;
			defaultConfigurationName = Release;
		};
		31100C9019A4D16B00A4921E /* Build configuration list for PBXNativeTarget "Tap_PickerTests" */ = {
			isa = XCConfigurationList;
			buildConfigurations = (
				31100C9119A4D16B00A4921E /* Debug */,
				31100C9219A4D16B00A4921E /* Release */,
			);
			defaultConfigurationIsVisible = 0;
			defaultConfigurationName = Release;
		};
/* End XCConfigurationList section */
	};
	rootObject = 31100C5319A4D16B00A4921E /* Project object */;
}
